{
  "version": 4,
  "terraform_version": "1.5.7",
  "serial": 11,
  "lineage": "e8190bca-30a9-1b75-7bc0-2388aa0ee9c7",
  "outputs": {},
  "resources": [
    {
      "mode": "data",
      "type": "archive_file",
      "name": "default",
      "provider": "provider[\"registry.terraform.io/hashicorp/archive\"]",
      "instances": [
        {
          "schema_version": 0,
          "attributes": {
            "exclude_symlink_directories": null,
            "excludes": null,
            "id": "70b2e0a68657f9e1cfff1cf63f6ff1f0bb0366bb",
            "output_base64sha256": "/CZmaH2EudkvrZyuuHzlbgIP1n0SDflA7F8c+/gMhsI=",
            "output_base64sha512": "1cWwadEwK46IrJj9DE77J3S68FKSbU50usp5qnd9jM55atlCDost5xWrzWZLY2VesI4B0RFexduHATCtpYuJwA==",
            "output_file_mode": null,
            "output_md5": "e95067e7e18df75f1e1e2a4d41c61935",
            "output_path": "/tmp/function-source.zip",
            "output_sha": "70b2e0a68657f9e1cfff1cf63f6ff1f0bb0366bb",
            "output_sha256": "fc2666687d84b9d92fad9caeb87ce56e020fd67d120df940ec5f1cfbf80c86c2",
            "output_sha512": "d5c5b069d1302b8e88ac98fd0c4efb2774baf052926d4e74baca79aa777d8cce796ad9420e8b2de715abcd664b63655eb08e01d1115ec5db870130ada58b89c0",
            "output_size": 991,
            "source": [],
            "source_content": null,
            "source_content_filename": null,
            "source_dir": "functions/hello-world/",
            "source_file": null,
            "type": "zip"
          },
          "sensitive_attributes": []
        }
      ]
    },
    {
      "mode": "data",
      "type": "google_project",
      "name": "project",
      "provider": "provider[\"registry.terraform.io/hashicorp/google\"]",
      "instances": [
        {
          "schema_version": 0,
          "attributes": {
            "auto_create_network": null,
            "billing_account": null,
            "deletion_policy": "PREVENT",
            "effective_labels": {
              "generative-language": "enabled"
            },
            "folder_id": "",
            "id": "projects/genai-playground24",
            "labels": {
              "generative-language": "enabled"
            },
            "name": "genai-playground",
            "number": "360922367561",
            "org_id": "407234656879",
            "project_id": "genai-playground24",
            "tags": null,
            "terraform_labels": {
              "generative-language": "enabled"
            }
          },
          "sensitive_attributes": []
        }
      ]
    },
    {
      "mode": "managed",
      "type": "google_artifact_registry_repository",
      "name": "default",
      "provider": "provider[\"registry.terraform.io/hashicorp/google\"]",
      "instances": [
        {
          "schema_version": 0,
          "attributes": {
            "cleanup_policies": [],
            "cleanup_policy_dry_run": false,
            "create_time": "2025-05-02T00:38:01.594024Z",
            "description": "",
            "docker_config": [],
            "effective_labels": {
              "goog-terraform-provisioned": "true"
            },
            "format": "DOCKER",
            "id": "projects/genai-playground24/locations/us-central1/repositories/function-repo",
            "kms_key_name": "",
            "labels": {},
            "location": "us-central1",
            "maven_config": [],
            "mode": "STANDARD_REPOSITORY",
            "name": "function-repo",
            "project": "genai-playground24",
            "remote_repository_config": [],
            "repository_id": "function-repo",
            "terraform_labels": {
              "goog-terraform-provisioned": "true"
            },
            "timeouts": null,
            "update_time": "2025-05-02T00:38:01.594024Z",
            "virtual_repository_config": [],
            "vulnerability_scanning_config": [
              {
                "enablement_config": "",
                "enablement_state": "SCANNING_ACTIVE",
                "enablement_state_reason": ""
              }
            ]
          },
          "sensitive_attributes": [],
          "private": "eyJlMmJmYjczMC1lY2FhLTExZTYtOGY4OC0zNDM2M2JjN2M0YzAiOnsiY3JlYXRlIjoxMjAwMDAwMDAwMDAwLCJkZWxldGUiOjEyMDAwMDAwMDAwMDAsInVwZGF0ZSI6MTIwMDAwMDAwMDAwMH19"
        }
      ]
    },
    {
      "mode": "managed",
      "type": "google_cloud_run_v2_service_iam_member",
      "name": "member",
      "provider": "provider[\"registry.terraform.io/hashicorp/google\"]",
      "instances": []
    },
    {
      "mode": "managed",
      "type": "google_cloud_run_v2_service_iam_member",
      "name": "noauth",
      "provider": "provider[\"registry.terraform.io/hashicorp/google\"]",
      "instances": []
    },
    {
      "mode": "managed",
      "type": "google_storage_bucket",
      "name": "default",
      "provider": "provider[\"registry.terraform.io/hashicorp/google\"]",
      "instances": [
        {
          "schema_version": 3,
          "attributes": {
            "autoclass": [],
            "cors": [],
            "custom_placement_config": [],
            "default_event_based_hold": false,
            "effective_labels": {
              "goog-terraform-provisioned": "true"
            },
            "enable_object_retention": false,
            "encryption": [],
            "force_destroy": false,
            "hierarchical_namespace": [
              {
                "enabled": false
              }
            ],
            "id": "68e3e817f618e194-gcf-source",
            "labels": {},
            "lifecycle_rule": [],
            "location": "US",
            "logging": [],
            "name": "68e3e817f618e194-gcf-source",
            "project": "genai-playground24",
            "project_number": 360922367561,
            "public_access_prevention": "inherited",
            "requester_pays": false,
            "retention_policy": [],
            "rpo": "DEFAULT",
            "self_link": "https://www.googleapis.com/storage/v1/b/68e3e817f618e194-gcf-source",
            "soft_delete_policy": [
              {
                "effective_time": "2025-05-02T00:29:58.442Z",
                "retention_duration_seconds": 604800
              }
            ],
            "storage_class": "STANDARD",
            "terraform_labels": {
              "goog-terraform-provisioned": "true"
            },
            "time_created": "2025-05-02T00:29:58.442Z",
            "timeouts": null,
            "uniform_bucket_level_access": true,
            "updated": "2025-05-02T00:29:58.442Z",
            "url": "gs://68e3e817f618e194-gcf-source",
            "versioning": [],
            "website": []
          },
          "sensitive_attributes": [],
          "private": "eyJlMmJmYjczMC1lY2FhLTExZTYtOGY4OC0zNDM2M2JjN2M0YzAiOnsiY3JlYXRlIjo2MDAwMDAwMDAwMDAsInJlYWQiOjI0MDAwMDAwMDAwMCwidXBkYXRlIjoyNDAwMDAwMDAwMDB9LCJzY2hlbWFfdmVyc2lvbiI6IjMifQ==",
          "dependencies": [
            "random_id.default"
          ]
        }
      ]
    },
    {
      "mode": "managed",
      "type": "google_storage_bucket_object",
      "name": "object",
      "provider": "provider[\"registry.terraform.io/hashicorp/google\"]",
      "instances": [
        {
          "schema_version": 0,
          "attributes": {
            "bucket": "68e3e817f618e194-gcf-source",
            "cache_control": "",
            "content": null,
            "content_disposition": "",
            "content_encoding": "",
            "content_language": "",
            "content_type": "application/zip",
            "crc32c": "D6tGfg==",
            "customer_encryption": [],
            "detect_md5hash": "6VBn5+GN918eHipNQcYZNQ==",
            "event_based_hold": false,
            "generation": 1746149885603805,
            "id": "68e3e817f618e194-gcf-source-function-source.zip",
            "kms_key_name": "",
            "md5hash": "6VBn5+GN918eHipNQcYZNQ==",
            "md5hexhash": "e95067e7e18df75f1e1e2a4d41c61935",
            "media_link": "https://storage.googleapis.com/download/storage/v1/b/68e3e817f618e194-gcf-source/o/function-source.zip?generation=1746149885603805\u0026alt=media",
            "metadata": {},
            "name": "function-source.zip",
            "output_name": "function-source.zip",
            "retention": [],
            "self_link": "https://www.googleapis.com/storage/v1/b/68e3e817f618e194-gcf-source/o/function-source.zip",
            "source": "/tmp/function-source.zip",
            "storage_class": "STANDARD",
            "temporary_hold": false,
            "timeouts": null
          },
          "sensitive_attributes": [],
          "private": "eyJlMmJmYjczMC1lY2FhLTExZTYtOGY4OC0zNDM2M2JjN2M0YzAiOnsiY3JlYXRlIjoyNDAwMDAwMDAwMDAsImRlbGV0ZSI6MjQwMDAwMDAwMDAwLCJ1cGRhdGUiOjI0MDAwMDAwMDAwMH19",
          "dependencies": [
            "data.archive_file.default",
            "google_storage_bucket.default"
          ]
        }
      ]
    },
    {
      "mode": "managed",
      "type": "random_id",
      "name": "default",
      "provider": "provider[\"registry.terraform.io/hashicorp/random\"]",
      "instances": [
        {
          "schema_version": 0,
          "attributes": {
            "b64_std": "aOPoF/YY4ZQ=",
            "b64_url": "aOPoF_YY4ZQ",
            "byte_length": 8,
            "dec": "7558139789268541844",
            "hex": "68e3e817f618e194",
            "id": "aOPoF_YY4ZQ",
            "keepers": null,
            "prefix": null
          },
          "sensitive_attributes": []
        }
      ]
    }
  ],
  "check_results": null
}
